
Microsoft Visual Studio Solution File, Format Version 12.00
# Visual Studio Version 16
VisualStudioVersion = 16.0.30907.101
MinimumVisualStudioVersion = 10.0.40219.1
Project("{FAE04EC0-301F-11D3-BF4B-00C04F79EFBC}") = "PictureBox", "PictureBox.csproj", "{D0741BD1-5C97-4FCA-A186-CBEC8EF459BC}"
EndProject
Global
	GlobalSection(SolutionConfigurationPlatforms) = preSolution
		Debug|Any CPU = Debug|Any CPU
		Release|Any CPU = Release|Any CPU
	EndGlobalSection
	GlobalSection(ProjectConfigurationPlatforms) = postSolution
		{D0741BD1-5C97-4FCA-A186-CBEC8EF459BC}.Debug|Any CPU.ActiveCfg = Debug|Any CPU
		{D0741BD1-5C97-4FCA-A186-CBEC8EF459BC}.Debug|Any CPU.Build.0 = Debug|Any CPU
		{D0741BD1-5C97-4FCA-A186-CBEC8EF459BC}.Release|Any CPU.ActiveCfg = Release|Any CPU
		{D0741BD1-5C97-4FCA-A186-CBEC8EF459BC}.Release|Any CPU.Build.0 = Release|Any CPU
	EndGlobalSection
	GlobalSection(SolutionProperties) = preSolution
		HideSolutionNode = FALSE
	EndGlobalSection
	GlobalSection(ExtensibilityGlobals) = postSolution
		SolutionGuid = {E4305FE5-015E-4CBE-95DD-F2F2DFD4DF16}
	EndGlobalSection
EndGlobal
